github.com/neoql/workerpool v0.0.0-20190129041711-5c23a1fd3602 h1:cx0i22ha1lW673pB4Arq/jqs/Kl/5j+OxlHuzDez8ME=
github.com/neoql/workerpool v0.0.0-20190129041711-5c23a1fd3602/go.mod h1:QJvTSmvcgf7vNhFVzis4ulI907e7Bx9XB+gepVX6boQ=
github.com/spaolacci/murmur3 v0.0.0-20170819071325-9f5d223c6079 h1:lDiM+yMjW7Ork8mhl0YN0qO1Z02qGoe1vwzGc1gP/8U=
github.com/spaolacci/murmur3 v0.0.0-20170819071325-9f5d223c6079/go.mod h1:JwIasOWyU6f++ZhiEuf87xNszmSA2myDM2Kzu9HwQUA=
github.com/willf/bitset v1.1.9 h1:GBtFynGY9ZWZmEC9sWuu41/7VBXPFCOAbCbqTflOg9c=
github.com/willf/bitset v1.1.9/go.mod h1:RjeCKbqT1RxIR/KWY6phxZiaY1IyutSBfGjNPySAYV4=
github.com/willf/bloom v2.0.3+incompatible h1:QDacWdqcAUI1MPOwIQZRy9kOR7yxfyEmxX8Wdm2/JPA=
github.com/willf/bloom v2.0.3+incompatible/go.mod h1:MmAltL9pDMNTrvUkxdg0k0q5I0suxmuwp3KbyrZLOZ8=
